uuid: a23a3859-bd21-4975-8348-a2875ad174c4
langcode: en
status: true
dependencies:
  module:
    - dhsc_site
    - node
  theme:
    - dhsc_theme
id: relatedinformationblock
theme: dhsc_theme
region: sidebar_second
weight: 0
provider: null
plugin: related_information_block
settings:
  id: related_information_block
  label: 'Related information block'
  label_display: '0'
  provider: dhsc_site
  context_mapping:
    node: '@node.node_route_context:node'
visibility:
  'entity_bundle:node':
    id: 'entity_bundle:node'
    negate: false
    context_mapping:
      node: '@node.node_route_context:node'
    bundles:
      localgov_guides_page: localgov_guides_page
